github.com/caarlos0/env v3.2.0+incompatible h1:47SrI1EMf4OwTL8DaHmjVU/A/hmoUeu8L9FQQRXknsQ=
github.com/caarlos0/env v3.2.0+incompatible/go.mod h1:tdCsowwCzMLdkqRYDlHpZCp2UooDD3MspDBjZ2AD02Y=
github.com/cenkalti/backoff v0.0.0-20150814094333-4dc77674acea h1:t3NrrH++iWzB9ZeRxce7o4/eJhRWpZYueEg/Kr1YFM0=
github.com/cenkalti/backoff v0.0.0-20150814094333-4dc77674acea/go.mod h1:90ReRw6GdpyfrHakVjL/QHaoyV4aDUVVkXQJJJ3NXXM=
github.com/clbanning/x2j v0.0.0-20140203152207-5ee34bb343f1 h1:ozuAv8G3uPpZmkexkqShG4UpTCfOdmtLuw2uQ+pTgFs=
github.com/clbanning/x2j v0.0.0-20140203152207-5ee34bb343f1/go.mod h1:jMjuTZXRI4dUb/I5gc9Hdhagfvm9+RyrPryS/auMzxE=
github.com/davecgh/go-spew v1.1.1 h1:vj9j/u1bqnvCEfJOwUhtlOARqs3+rkHYY13jYWTU97c=
github.com/davecgh/go-spew v1.1.1/go.mod h1:J7Y8YcW2NihsgmVo/mv3lAwl/skON4iLHjSsI+c5H38=
github.com/franela/goreq v0.0.0-20140830203206-9df54ca75ad6 h1:GekMtW2HF0FUBuinVMnMQqr3MQjBXhM0YwLfSmC5YYA=
github.com/franela/goreq v0.0.0-20140830203206-9df54ca75ad6/go.mod h1:ZhphrRTfi2rbfLwlschooIH4+wKKDR4Pdxhh+TRoA20=
github.com/go-chi/chi v3.3.1+incompatible h1:ib+xvnkWGS9Dt+qDnW03Sr7j2vrUjaTu3hDiR4Phd+Q=
github.com/go-chi/chi v3.3.1+incompatible/go.mod h1:eB3wogJHnLi3x/kFX2A+IbTBlXxmMeXJVKy9tTv1XzQ=
github.com/go-playground/locales v0.0.0-20170327191450-1e5f1161c641 h1:I4ff2nZlLpFVRofYk8c6JdA9rpeI1fuInIQVyUx0MDU=
github.com/go-playground/locales v0.0.0-20170327191450-1e5f1161c641/go.mod h1:IUMDtCfWo/w/mtMfIE/IG2K+Ey3ygWanZIBtBW0W2TM=
github.com/go-playground/universal-translator v0.0.0-20170327191703-71201497bace h1:vfBaUX49VsqTxXGADDIWvTPvaU4AbQyX/yENHE0f7AY=
github.com/go-playground/universal-translator v0.0.0-20170327191703-71201497bace/go.mod h1:1AnU7NaIRDWWzGEKwgtJRd2xk99HeFyHw3yid4rvQIY=
github.com/hashicorp/consul v1.0.2 h1:C2nZnZQ7y0FXBZDXYxx7tBqQLCU0l2RXZ5f6hkzO++c=
github.com/hashicorp/consul v1.0.2/go.mod h1:mFrjN1mfidgJfYP1xrJCF+AfRhr6Eaqhb2+sfyn/OOI=
github.com/hashicorp/go-cleanhttp v0.0.0-20170211013415-3573b8b52aa7 h1:67fHcS+inUoiIqWCKIqeDuq2AlPHNHPiTqp97LdQ+bc=
github.com/hashicorp/go-cleanhttp v0.0.0-20170211013415-3573b8b52aa7/go.mod h1:JpRdi6/HCYpAwUzNwuwqhbovhLtngrth3wmdIIUrZ80=
github.com/hashicorp/go-rootcerts v0.0.0-20160503143440-6bb64b370b90 h1:9HVkPxOpo+yO93Ah4yrO67d/qh0fbLLWbKqhYjyHq9A=
github.com/hashicorp/go-rootcerts v0.0.0-20160503143440-6bb64b370b90/go.mod h1:o4zcYY1e0GEZI6eSEr+43QDYmuGglw1qSO6qdHUHCgg=
github.com/hashicorp/serf v0.0.0-20170902042543-555c6fa2a11d h1:Ibc9oSZwyNoAbGTWhw2SgBMoWtxk/skp4mqKfUQZuis=
github.com/hashicorp/serf v0.0.0-20170902042543-555c6fa2a11d/go.mod h1:h/Ru6tmZazX7WO/GDmwdpS975F019L4t5ng5IgwbNrE=
github.com/hudl/fargo v0.0.0-20160928160052-14ced469f7dc h1:yiLa+9TOA9Y9aKMePW+sZ4cZWUoeLTW9XS79mro6tY8=
github.com/hudl/fargo v0.0.0-20160928160052-14ced469f7dc/go.mod h1:y3CKSmjA+wD2gak7sUSXTAoopbhU08POFhmITJgmKTg=
github.com/miekg/dns v0.0.0-20141128204724-f01e44c2fdbf h1:sWwVY/a/eSzrpznqdQp4PTvQOE0tK5hFbvPJXpEbdKQ=
github.com/miekg/dns v0.0.0-20141128204724-f01e44c2fdbf/go.mod h1:W1PPwlIAgtquWBMBEV9nkV9Cazfe8ScdGz/Lj7v3Nrg=
github.com/mitchellh/go-homedir v0.0.0-20161203194507-b8bc1bf76747 h1:eQox4Rh4ewJF+mqYPxCkmBAirRnPaHEB26UkNuPyjlk=
github.com/mitchellh/go-homedir v0.0.0-20161203194507-b8bc1bf76747/go.mod h1:SfyaCUpYCn1Vlf4IUYiD9fPX4A5wJrkLzIz1N1q0pr0=
github.com/op/go-logging v0.0.0-20160217083421-d2e44aa77b71 h1:LLsjRi+uS0P6FxyBhIYFzGY7dvxrwO4YxT+tXd/QQd8=
github.com/op/go-logging v0.0.0-20160217083421-d2e44aa77b71/go.mod h1:HzydrMdWErDVzsI23lYNej1Htcns9BCg93Dk0bBINWk=
github.com/pkg/errors v0.8.0 h1:WdK/asTD0HN+q6hsWO3/vpuAkAr+tw6aNJNDFFf0+qw=
github.com/pkg/errors v0.8.0/go.mod h1:bwawxfHBFNV+L2hUp1rHADufV3IMtnDRdf1r5NINEl0=
github.com/pmezard/go-difflib v1.0.0 h1:4DBwDE0NGyQoBHbLQYPwSUPoCMWR5BEzIk/f1lZbAQM=
github.com/pmezard/go-difflib v1.0.0/go.mod h1:iKH77koFhYxTK1pcRnkKkqfTogsbg7gZNVY4sRDYZ/4=
github.com/sirupsen/logrus v1.0.4 h1:gzbtLsZC3Ic5PptoRG+kQj4L60qjK7H7XszrU163JNQ=
github.com/sirupsen/logrus v1.0.4/go.mod h1:pMByvHTf9Beacp5x1UXfOR9xyW/9antXMhjMPG0dEzc=
github.com/stretchr/testify v1.2.2 h1:bSDNvY7ZPG5RlJ8otE/7V6gMiyenm9RtJ7IUVIAoJ1w=
github.com/stretchr/testify v1.2.2/go.mod h1:a8OnRcib4nhh0OaRAV+Yts87kKdq0PP7pXfy6kDkUVs=
golang.org/x/crypto v0.0.0-20170927200519-c84b36c635ad h1:0EwAwZ/VlCjSn6QAQwJbhGgTzo26XQQOxPuxanYBoS0=
golang.org/x/crypto v0.0.0-20170927200519-c84b36c635ad/go.mod h1:6SG95UA2DQfeDnfUPMdvaQW0Q7yPrPDi9nlGo2tz2b4=
golang.org/x/net v0.0.0-20170927055102-0a9397675ba3 h1:tTDpczhDVjW6WN3DinzKcw5juwkDTVn22I7MNlfxSXM=
golang.org/x/net v0.0.0-20170927055102-0a9397675ba3/go.mod h1:mL1N/T3taQHkDXs73rZJwtUhF3w3ftmwwsq0BUmARs4=
golang.org/x/sys v0.0.0-20170927054621-314a259e304f h1:iUy6hSM2lPBGm2d9HgXq1GqYPwcJvA8ihnWauXggYMs=
golang.org/x/sys v0.0.0-20170927054621-314a259e304f/go.mod h1:STP8DvDyc/dI5b8T5hshtkjS+E42TnysNCUPdjciGhY=
gopkg.in/gcfg.v1 v1.0.0-20150907151950-0ef1a8547f99 h1:olqyZsOuPjQhAP1Fc2KwxJt5ShzbaJX7jGiTy5TSO3k=
gopkg.in/gcfg.v1 v1.0.0-20150907151950-0ef1a8547f99/go.mod h1:yesOnuUOFQAhST5vPY4nbZsb/huCgGGXlipJsBn0b3o=
gopkg.in/go-playground/validator.v9 v9.9.1 h1:lqtIcarpo1MHjGbLFvhWV/5dsj33GFTuDGCnZj2aEsI=
gopkg.in/go-playground/validator.v9 v9.9.1/go.mod h1:+c9/zcJMFNgbLvly1L1V+PpxWdVbfP1avr/N00E2vyQ=
gopkg.in/reportportal/commons-go.v1 v1.0.7 h1:L2z9bLmnjjrJARRczE0ERQx5gCbnSvXZPSxy/qInNfA=
gopkg.in/reportportal/commons-go.v1 v1.0.7/go.mod h1:2XLBwKsBr4vmo7NHbvISnU+pyGWoCofkaQ4Xi2Q+ZYU=
